// !$*UTF8*$!
{
	archiveVersion = 1;
	classes = {
	};
	objectVersion = 50;
	objects = {

/* Begin PBXBuildFile section */
		9BCDB48B23FA693700FCD3AC /* AppDelegate.swift in Sources */ = {isa = PBXBuildFile; fileRef = 9BCDB48A23FA693700FCD3AC /* AppDelegate.swift */; };
		9BCDB48D23FA693700FCD3AC /* SceneDelegate.swift in Sources */ = {isa = PBXBuildFile; fileRef = 9BCDB48C23FA693700FCD3AC /* SceneDelegate.swift */; };
		9BCDB48F23FA693700FCD3AC /* ViewController.swift in Sources */ = {isa = PBXBuildFile; fileRef = 9BCDB48E23FA693700FCD3AC /* ViewController.swift */; };
		9BCDB49223FA693700FCD3AC /* Main.storyboard in Resources */ = {isa = PBXBuildFile; fileRef = 9BCDB49023FA693700FCD3AC /* Main.storyboard */; };
		9BCDB49423FA693800FCD3AC /* Assets.xcassets in Resources */ = {isa = PBXBuildFile; fileRef = 9BCDB49323FA693800FCD3AC /* Assets.xcassets */; };
		9BCDB49723FA693800FCD3AC /* LaunchScreen.storyboard in Resources */ = {isa = PBXBuildFile; fileRef = 9BCDB49523FA693800FCD3AC /* LaunchScreen.storyboard */; };
/* End PBXBuildFile section */

/* Begin PBXFileReference section */
		9BCDB48723FA693700FCD3AC /* RelamDemo.app */ = {isa = PBXFileReference; explicitFileType = wrapper.application; includeInIndex = 0; path = RelamDemo.app; sourceTree = BUILT_PRODUCTS_DIR; };
		9BCDB48A23FA693700FCD3AC /* AppDelegate.swift */ = {isa = PBXFileReference; lastKnownFileType = sourcecode.swift; path = AppDelegate.swift; sourceTree = "<group>"; };
		9BCDB48C23FA693700FCD3AC /* SceneDelegate.swift */ = {isa = PBXFileReference; lastKnownFileType = sourcecode.swift; path = SceneDelegate.swift; sourceTree = "<group>"; };
		9BCDB48E23FA693700FCD3AC /* ViewController.swift */ = {isa = PBXFileReference; lastKnownFileType = sourcecode.swift; path = ViewController.swift; sourceTree = "<group>"; };
		9BCDB49123FA693700FCD3AC /* Base */ = {isa = PBXFileReference; lastKnownFileType = file.storyboard; name = Base; path = Base.lproj/Main.storyboard; sourceTree = "<group>"; };
		9BCDB49323FA693800FCD3AC /* Assets.xcassets */ = {isa = PBXFileReference; lastKnownFileType = folder.assetcatalog; path = Assets.xcassets; sourceTree = "<group>"; };
		9BCDB49623FA693800FCD3AC /* Base */ = {isa = PBXFileReference; lastKnownFileType = file.storyboard; name = Base; path = Base.lproj/LaunchScreen.storyboard; sourceTree = "<group>"; };
		9BCDB49823FA693800FCD3AC /* Info.plist */ = {isa = PBXFileReference; lastKnownFileType = text.plist.xml; path = Info.plist; sourceTree = "<group>"; };
/* End PBXFileReference section */

/* Begin PBXFrameworksBuildPhase section */
		9BCDB48423FA693700FCD3AC /* Frameworks */ = {
			isa = PBXFrameworksBuildPhase;
			buildActionMask = 2147483647;
			files = (
			);
			runOnlyForDeploymentPostprocessing = 0;
		};
/* End PBXFrameworksBuildPhase section */

/* Begin PBXGroup section */
		9BCDB47E23FA693700FCD3AC = {
			isa = PBXGroup;
			children = (
				9BCDB48923FA693700FCD3AC /* RelamDemo */,
				9BCDB48823FA693700FCD3AC /* Products */,
			);
			sourceTree = "<group>";
		};
		9BCDB48823FA693700FCD3AC /* Products */ = {
			isa = PBXGroup;
			children = (
				9BCDB48723FA693700FCD3AC /* RelamDemo.app */,
			);
			name = Products;
			sourceTree = "<group>";
		};
		9BCDB48923FA693700FCD3AC /* RelamDemo */ = {
			isa = PBXGroup;
			children = (
				9BCDB48A23FA693700FCD3AC /* AppDelegate.swift */,
				9BCDB48C23FA693700FCD3AC /* SceneDelegate.swift */,
				9BCDB48E23FA693700FCD3AC /* ViewController.swift */,
				9BCDB49023FA693700FCD3AC /* Main.storyboard */,
				9BCDB49323FA693800FCD3AC /* Assets.xcassets */,
				9BCDB49523FA693800FCD3AC /* LaunchScreen.storyboard */,
				9BCDB49823FA693800FCD3AC /* Info.plist */,
			);
			path = RelamDemo;
			sourceTree = "<group>";
		};
/* End PBXGroup section */

/* Begin PBXNativeTarget section */
		9BCDB48623FA693700FCD3AC /* RelamDemo */ = {
			isa = PBXNativeTarget;
			buildConfigurationList = 9BCDB49B23FA693800FCD3AC /* Build configuration list for PBXNativeTarget "RelamDemo" */;
			buildPhases = (
				9BCDB48323FA693700FCD3AC /* Sources */,
				9BCDB48423FA693700FCD3AC /* Frameworks */,
				9BCDB48523FA693700FCD3AC /* Resources */,
			);
			buildRules = (
			);
			dependencies = (
			);
			name = RelamDemo;
			productName = RelamDemo;
			productReference = 9BCDB48723FA693700FCD3AC /* RelamDemo.app */;
			productType = "com.apple.product-type.application";
		};
/* End PBXNativeTarget section */

/* Begin PBXProject section */
		9BCDB47F23FA693700FCD3AC /* Project object */ = {
			isa = PBXProject;
			attributes = {
				LastSwiftUpdateCheck = 1130;
				LastUpgradeCheck = 1130;
				ORGANIZATIONNAME = "Sahabe Alam";
				TargetAttributes = {
					9BCDB48623FA693700FCD3AC = {
						CreatedOnToolsVersion = 11.3;
					};
				};
			};
			buildConfigurationList = 9BCDB48223FA693700FCD3AC /* Build configuration list for PBXProject "RelamDemo" */;
			compatibilityVersion = "Xcode 9.3";
			developmentRegion = en;
			hasScannedForEncodings = 0;
			knownRegions = (
				en,
				Base,
			);
			mainGroup = 9BCDB47E23FA693700FCD3AC;
			productRefGroup = 9BCDB48823FA693700FCD3AC /* Products */;
			projectDirPath = "";
			projectRoot = "";
			targets = (
				9BCDB48623FA693700FCD3AC /* RelamDemo */,
			);
		};
/* End PBXProject section */

/* Begin PBXResourcesBuildPhase section */
		9BCDB48523FA693700FCD3AC /* Resources */ = {
			isa = PBXResourcesBuildPhase;
			buildActionMask = 2147483647;
			files = (
				9BCDB49723FA693800FCD3AC /* LaunchScreen.storyboard in Resources */,
				9BCDB49423FA693800FCD3AC /* Assets.xcassets in Resources */,
				9BCDB49223FA693700FCD3AC /* Main.storyboard in Resources */,
			);
			runOnlyForDeploymentPostprocessing = 0;
		};
/* End PBXResourcesBuildPhase section */

/* Begin PBXSourcesBuildPhase section */
		9BCDB48323FA693700FCD3AC /* Sources */ = {
			isa = PBXSourcesBuildPhase;
			buildActionMask = 2147483647;
			files = (
				9BCDB48F23FA693700FCD3AC /* ViewController.swift in Sources */,
				9BCDB48B23FA693700FCD3AC /* AppDelegate.swift in Sources */,
				9BCDB48D23FA693700FCD3AC /* SceneDelegate.swift in Sources */,
			);
			runOnlyForDeploymentPostprocessing = 0;
		};
/* End PBXSourcesBuildPhase section */

/* Begin PBXVariantGroup section */
		9BCDB49023FA693700FCD3AC /* Main.storyboard */ = {
			isa = PBXVariantGroup;
			children = (
				9BCDB49123FA693700FCD3AC /* Base */,
			);
			name = Main.storyboard;
			sourceTree = "<group>";
		};
		9BCDB49523FA693800FCD3AC /* LaunchScreen.storyboard */ = {
			isa = PBXVariantGroup;
			children = (
				9BCDB49623FA693800FCD3AC /* Base */,
			);
			name = LaunchScreen.storyboard;
			sourceTree = "<group>";
		};
/* End PBXVariantGroup section */

/* Begin XCBuildConfiguration section */
		9BCDB49923FA693800FCD3AC /* Debug */ = {
			isa = XCBuildConfiguration;
			buildSettings = {
				ALWAYS_SEARCH_USER_PATHS = NO;
				CLANG_ANALYZER_NONNULL = YES;
				CLANG_ANALYZER_NUMBER_OBJECT_CONVERSION = YES_AGGRESSIVE;
				CLANG_CXX_LANGUAGE_STANDARD = "gnu++14";
				CLANG_CXX_LIBRARY = "libc++";
				CLANG_ENABLE_MODULES = YES;
				CLANG_ENABLE_OBJC_ARC = YES;
				CLANG_ENABLE_OBJC_WEAK = YES;
				CLANG_WARN_BLOCK_CAPTURE_AUTORELEASING = YES;
				CLANG_WARN_BOOL_CONVERSION = YES;
				CLANG_WARN_COMMA = YES;
				CLANG_WARN_CONSTANT_CONVERSION = YES;
				CLANG_WARN_DEPRECATED_OBJC_IMPLEMENTATIONS = YES;
				CLANG_WARN_DIRECT_OBJC_ISA_USAGE = YES_ERROR;
				CLANG_WARN_DOCUMENTATION_COMMENTS = YES;
				CLANG_WARN_EMPTY_BODY = YES;
				CLANG_WARN_ENUM_CONVERSION = YES;
				CLANG_WARN_INFINITE_RECURSION = YES;
				CLANG_WARN_INT_CONVERSION = YES;
				CLANG_WARN_NON_LITERAL_NULL_CONVERSION = YES;
				CLANG_WARN_OBJC_IMPLICIT_RETAIN_SELF = YES;
				CLANG_WARN_OBJC_LITERAL_CONVERSION = YES;
				CLANG_WARN_OBJC_ROOT_CLASS = YES_ERROR;
				CLANG_WARN_RANGE_LOOP_ANALYSIS = YES;
				CLANG_WARN_STRICT_PROTOTYPES = YES;
				CLANG_WARN_SUSPICIOUS_MOVE = YES;
				CLANG_WARN_UNGUARDED_AVAILABILITY = YES_AGGRESSIVE;
				CLANG_WARN_UNREACHABLE_CODE = YES;
				CLANG_WARN__DUPLICATE_METHOD_MATCH = YES;
				COPY_PHASE_STRIP = NO;
				DEBUG_INFORMATION_FORMAT = dwarf;
				ENABLE_STRICT_OBJC_MSGSEND = YES;
				ENABLE_TESTABILITY = YES;
				GCC_C_LANGUAGE_STANDARD = gnu11;
				GCC_DYNAMIC_NO_PIC = NO;
				GCC_NO_COMMON_BLOCKS = YES;
				GCC_OPTIMIZATION_LEVEL = 0;
				GCC_PREPROCESSOR_DEFINITIONS = (
					"DEBUG=1",
					"$(inherited)",
				);
				GCC_WARN_64_TO_32_BIT_CONVERSION = YES;
				GCC_WARN_ABOUT_RETURN_TYPE = YES_ERROR;
				GCC_WARN_UNDECLARED_SELECTOR = YES;
				GCC_WARN_UNINITIALIZED_AUTOS = YES_AGGRESSIVE;
				GCC_WARN_UNUSED_FUNCTION = YES;
				GCC_WARN_UNUSED_VARIABLE = YES;
				IPHONEOS_DEPLOYMENT_TARGET = 13.2;
				MTL_ENABLE_DEBUG_INFO = INCLUDE_SOURCE;
				MTL_FAST_MATH = YES;
				ONLY_ACTIVE_ARCH = YES;
				SDKROOT = iphoneos;
				SWIFT_ACTIVE_COMPILATION_CONDITIONS = DEBUG;
				SWIFT_OPTIMIZATION_LEVEL = "-Onone";
			};
			name = Debug;
		};
		9BCDB49A23FA693800FCD3AC /* Release */ = {
			isa = XCBuildConfiguration;
			buildSettings = {
				ALWAYS_SEARCH_USER_PATHS = NO;
				CLANG_ANALYZER_NONNULL = YES;
				CLANG_ANALYZER_NUMBER_OBJECT_CONVERSION = YES_AGGRESSIVE;
				CLANG_CXX_LANGUAGE_STANDARD = "gnu++14";
				CLANG_CXX_LIBRARY = "libc++";
				CLANG_ENABLE_MODULES = YES;
				CLANG_ENABLE_OBJC_ARC = YES;
				CLANG_ENABLE_OBJC_WEAK = YES;
				CLANG_WARN_BLOCK_CAPTURE_AUTORELEASING = YES;
				CLANG_WARN_BOOL_CONVERSION = YES;
				CLANG_WARN_COMMA = YES;
				CLANG_WARN_CONSTANT_CONVERSION = YES;
				CLANG_WARN_DEPRECATED_OBJC_IMPLEMENTATIONS = YES;
				CLANG_WARN_DIRECT_OBJC_ISA_USAGE = YES_ERROR;
				CLANG_WARN_DOCUMENTATION_COMMENTS = YES;
				CLANG_WARN_EMPTY_BODY = YES;
				CLANG_WARN_ENUM_CONVERSION = YES;
				CLANG_WARN_INFINITE_RECURSION = YES;
				CLANG_WARN_INT_CONVERSION = YES;
				CLANG_WARN_NON_LITERAL_NULL_CONVERSION = YES;
				CLANG_WARN_OBJC_IMPLICIT_RETAIN_SELF = YES;
				CLANG_WARN_OBJC_LITERAL_CONVERSION = YES;
				CLANG_WARN_OBJC_ROOT_CLASS = YES_ERROR;
				CLANG_WARN_RANGE_LOOP_ANALYSIS = YES;
				CLANG_WARN_STRICT_PROTOTYPES = YES;
				CLANG_WARN_SUSPICIOUS_MOVE = YES;
				CLANG_WARN_UNGUARDED_AVAILABILITY = YES_AGGRESSIVE;
				CLANG_WARN_UNREACHABLE_CODE = YES;
				CLANG_WARN__DUPLICATE_METHOD_MATCH = YES;
				COPY_PHASE_STRIP = NO;
				DEBUG_INFORMATION_FORMAT = "dwarf-with-dsym";
				ENABLE_NS_ASSERTIONS = NO;
				ENABLE_STRICT_OBJC_MSGSEND = YES;
				GCC_C_LANGUAGE_STANDARD = gnu11;
				GCC_NO_COMMON_BLOCKS = YES;
				GCC_WARN_64_TO_32_BIT_CONVERSION = YES;
				GCC_WARN_ABOUT_RETURN_TYPE = YES_ERROR;
				GCC_WARN_UNDECLARED_SELECTOR = YES;
				GCC_WARN_UNINITIALIZED_AUTOS = YES_AGGRESSIVE;
				GCC_WARN_UNUSED_FUNCTION = YES;
				GCC_WARN_UNUSED_VARIABLE = YES;
				IPHONEOS_DEPLOYMENT_TARGET = 13.2;
				MTL_ENABLE_DEBUG_INFO = NO;
				MTL_FAST_MATH = YES;
				SDKROOT = iphoneos;
				SWIFT_COMPILATION_MODE = wholemodule;
				SWIFT_OPTIMIZATION_LEVEL = "-O";
				VALIDATE_PRODUCT = YES;
			};
			name = Release;
		};
		9BCDB49C23FA693800FCD3AC /* Debug */ = {
			isa = XCBuildConfiguration;
			buildSettings = {
				ASSETCATALOG_COMPILER_APPICON_NAME = AppIcon;
				CODE_SIGN_STYLE = Automatic;
				DEVELOPMENT_TEAM = 56B26SCJMJ;
				INFOPLIST_FILE = RelamDemo/Info.plist;
				LD_RUNPATH_SEARCH_PATHS = (
					"$(inherited)",
					"@executable_path/Frameworks",
				);
				PRODUCT_BUNDLE_IDENTIFIER = com.ios.RelamDemo;
				PRODUCT_NAME = "$(TARGET_NAME)";
				SWIFT_VERSION = 5.0;
				TARGETED_DEVICE_FAMILY = "1,2";
			};
			name = Debug;
		};
		9BCDB49D23FA693800FCD3AC /* Release */ = {
			isa = XCBuildConfiguration;
			buildSettings = {
				ASSETCATALOG_COMPILER_APPICON_NAME = AppIcon;
				CODE_SIGN_STYLE = Automatic;
				DEVELOPMENT_TEAM = 56B26SCJMJ;
				INFOPLIST_FILE = RelamDemo/Info.plist;
				LD_RUNPATH_SEARCH_PATHS = (
					"$(inherited)",
					"@executable_path/Frameworks",
				);
				PRODUCT_BUNDLE_IDENTIFIER = com.ios.RelamDemo;
				PRODUCT_NAME = "$(TARGET_NAME)";
				SWIFT_VERSION = 5.0;
				TARGETED_DEVICE_FAMILY = "1,2";
			};
			name = Release;
		};
/* End XCBuildConfiguration section */

/* Begin XCConfigurationList section */
		9BCDB48223FA693700FCD3AC /* Build configuration list for PBXProject "RelamDemo" */ = {
			isa = XCConfigurationList;
			buildConfigurations = (
				9BCDB49923FA693800FCD3AC /* Debug */,
				9BCDB49A23FA693800FCD3AC /* Release */,
			);
			defaultConfigurationIsVisible = 0;
			defaultConfigurationName = Release;
		};
		9BCDB49B23FA693800FCD3AC /* Build configuration list for PBXNativeTarget "RelamDemo" */ = {
			isa = XCConfigurationList;
			buildConfigurations = (
				9BCDB49C23FA693800FCD3AC /* Debug */,
				9BCDB49D23FA693800FCD3AC /* Release */,
			);
			defaultConfigurationIsVisible = 0;
			defaultConfigurationName = Release;
		};
/* End XCConfigurationList section */
	};
	rootObject = 9BCDB47F23FA693700FCD3AC /* Project object */;
}
